# This file is autogenerated, do not edit; changes may be undone by the next 'dep ensure'.


[[projects]]
  name = "github.com/boltdb/bolt"
  packages = ["."]
  revision = "2f1ce7a837dcb8da3ec595b1dac9d0632f0f99e8"
  version = "v1.3.1"

[[projects]]
  branch = "master"
  name = "golang.org/x/sys"
  packages = ["unix"]
  revision = "d8f5ea21b9295e315e612b4bcf4bedea93454d4d"

[solve-meta]
  analyzer-name = "dep"
  analyzer-version = 1
  inputs-digest = "2490595b5a986d40f8feea49f8f89568adc58015686420c80138f606c95baa51"
  solver-name = "gps-cdcl"
  solver-version = 1
